{
  "originHash" : "9c9ff20ac2e94abc3e5422e935b28bbb2e56f2a711984e701fe43375ad6b8ced",
  "pins" : [
    {
      "identity" : "apollo-ios",
      "kind" : "remoteSourceControl",
      "location" : "https://github.com/apollographql/apollo-ios.git",
      "state" : {
        "revision" : "38c202227d0f09508e573dcf22f54885cfb0c5d4",
        "version" : "2.1.2"
      }
    },
    {
      "identity" : "fingerprintjs-ios",
      "kind" : "remoteSourceControl",
      "location" : "https://github.com/fingerprintjs/fingerprintjs-ios",
      "state" : {
        "revision" : "b34f55f1c527dc6122a402531ee7d52c61c422a2",
        "version" : "1.4.0"
      }
    },
    {
      "identity" : "statemachine",
      "kind" : "remoteSourceControl",
      "location" : "https://github.com/Tinder/StateMachine",
      "state" : {
        "revision" : "0f7964206bd8dbc70f5a30fed0b1db76bfcc1b24",
        "version" : "0.3.0"
      }
    },
    {
      "identity" : "trustlyiossdk",
      "kind" : "remoteSourceControl",
      "location" : "https://github.com/trustly/TrustlyIosSdk",
      "state" : {
        "revision" : "2ee7e7d2e9dff110415b369da3bcd3af24e8c368",
        "version" : "4.0.1"
      }
    }
  ],
  "version" : 3
}
