{
  "pins" : [
    {
      "identity" : "apollo-ios",
      "kind" : "remoteSourceControl",
      "location" : "git@github.com:portolans/apollo-ios.git",
      "state" : {
        "branch" : "release--1.23.0",
        "revision" : "ac25139dcc6db72d18182069e91694c027d82b6f"
      }
    },
    {
      "identity" : "fingerprintjs-ios",
      "kind" : "remoteSourceControl",
      "location" : "git@github.com:fingerprintjs/fingerprintjs-ios.git",
      "state" : {
        "revision" : "2e2ead3d02c46736d9b4a66373700489113e293a",
        "version" : "1.6.0"
      }
    },
    {
      "identity" : "statemachine",
      "kind" : "remoteSourceControl",
      "location" : "git@github.com:Tinder/StateMachine.git",
      "state" : {
        "revision" : "0f7964206bd8dbc70f5a30fed0b1db76bfcc1b24",
        "version" : "0.3.0"
      }
    },
    {
      "identity" : "trustlyiossdk",
      "kind" : "remoteSourceControl",
      "location" : "git@github.com:trustly/TrustlyIosSdk.git",
      "state" : {
        "revision" : "2ee7e7d2e9dff110415b369da3bcd3af24e8c368",
        "version" : "4.0.1"
      }
    }
  ],
  "version" : 2
}
